
Microsoft Visual Studio Solution File, Format Version 12.00
# Visual Studio Version 17
VisualStudioVersion = 17.10.34928.147
MinimumVisualStudioVersion = 10.0.40219.1
Project("{FAE04EC0-301F-11D3-BF4B-00C04F79EFBC}") = "LayeredArchitecture.API", "LayeredArchitecture.API\LayeredArchitecture.API.csproj", "{F4777226-259C-44F7-86DF-A85F0987F35E}"
EndProject
Project("{FAE04EC0-301F-11D3-BF4B-00C04F79EFBC}") = "LayeredArchitecture.Application", "LayeredArchitecture.Application\LayeredArchitecture.Application.csproj", "{E1EB3CFB-5671-474A-B641-FBB617748D34}"
EndProject
Project("{FAE04EC0-301F-11D3-BF4B-00C04F79EFBC}") = "LayeredArchitecture.Domain", "LayeredArchitecture.Domain\LayeredArchitecture.Domain.csproj", "{B49F41FB-10E4-4781-A80E-FD3720993C5A}"
EndProject
Project("{FAE04EC0-301F-11D3-BF4B-00C04F79EFBC}") = "LayeredArchitecture.Infrastructure", "LayeredArchitecture.Infrastructure\LayeredArchitecture.Infrastructure.csproj", "{FF505E8A-B7AA-47EE-965E-23305C09620E}"
EndProject
Project("{FAE04EC0-301F-11D3-BF4B-00C04F79EFBC}") = "LayeredArchitecture.Common", "LayeredArchitecture.Common\LayeredArchitecture.Common.csproj", "{D40CC07C-EF10-4035-968C-A18AA504298D}"
EndProject
Global
	GlobalSection(SolutionConfigurationPlatforms) = preSolution
		Debug|Any CPU = Debug|Any CPU
		Release|Any CPU = Release|Any CPU
	EndGlobalSection
	GlobalSection(ProjectConfigurationPlatforms) = postSolution
		{F4777226-259C-44F7-86DF-A85F0987F35E}.Debug|Any CPU.ActiveCfg = Debug|Any CPU
		{F4777226-259C-44F7-86DF-A85F0987F35E}.Debug|Any CPU.Build.0 = Debug|Any CPU
		{F4777226-259C-44F7-86DF-A85F0987F35E}.Release|Any CPU.ActiveCfg = Release|Any CPU
		{F4777226-259C-44F7-86DF-A85F0987F35E}.Release|Any CPU.Build.0 = Release|Any CPU
		{E1EB3CFB-5671-474A-B641-FBB617748D34}.Debug|Any CPU.ActiveCfg = Debug|Any CPU
		{E1EB3CFB-5671-474A-B641-FBB617748D34}.Debug|Any CPU.Build.0 = Debug|Any CPU
		{E1EB3CFB-5671-474A-B641-FBB617748D34}.Release|Any CPU.ActiveCfg = Release|Any CPU
		{E1EB3CFB-5671-474A-B641-FBB617748D34}.Release|Any CPU.Build.0 = Release|Any CPU
		{B49F41FB-10E4-4781-A80E-FD3720993C5A}.Debug|Any CPU.ActiveCfg = Debug|Any CPU
		{B49F41FB-10E4-4781-A80E-FD3720993C5A}.Debug|Any CPU.Build.0 = Debug|Any CPU
		{B49F41FB-10E4-4781-A80E-FD3720993C5A}.Release|Any CPU.ActiveCfg = Release|Any CPU
		{B49F41FB-10E4-4781-A80E-FD3720993C5A}.Release|Any CPU.Build.0 = Release|Any CPU
		{FF505E8A-B7AA-47EE-965E-23305C09620E}.Debug|Any CPU.ActiveCfg = Debug|Any CPU
		{FF505E8A-B7AA-47EE-965E-23305C09620E}.Debug|Any CPU.Build.0 = Debug|Any CPU
		{FF505E8A-B7AA-47EE-965E-23305C09620E}.Release|Any CPU.ActiveCfg = Release|Any CPU
		{FF505E8A-B7AA-47EE-965E-23305C09620E}.Release|Any CPU.Build.0 = Release|Any CPU
		{D40CC07C-EF10-4035-968C-A18AA504298D}.Debug|Any CPU.ActiveCfg = Debug|Any CPU
		{D40CC07C-EF10-4035-968C-A18AA504298D}.Debug|Any CPU.Build.0 = Debug|Any CPU
		{D40CC07C-EF10-4035-968C-A18AA504298D}.Release|Any CPU.ActiveCfg = Release|Any CPU
		{D40CC07C-EF10-4035-968C-A18AA504298D}.Release|Any CPU.Build.0 = Release|Any CPU
	EndGlobalSection
	GlobalSection(SolutionProperties) = preSolution
		HideSolutionNode = FALSE
	EndGlobalSection
	GlobalSection(ExtensibilityGlobals) = postSolution
		SolutionGuid = {7A060A69-C8A0-41E8-843E-75DB86D9CB44}
	EndGlobalSection
EndGlobal
